PODS:
  - UIColor-Hex-Swift (0.2.0)
  - YouTubePlayer (0.3.0)

DEPENDENCIES:
  - UIColor-Hex-Swift
  - YouTubePlayer

SPEC CHECKSUMS:
  UIColor-Hex-Swift: a35096d0d3f8630bd647e4df851e1d2a165d5117
  YouTubePlayer: 88713a96c356f2c88da8925eb61438eda88bcd57

PODFILE CHECKSUM: d59bdbd5e15740e70822829cd144965ca78139bf

COCOAPODS: 1.0.0
